
Microsoft Visual Studio Solution File, Format Version 12.00
# Visual Studio Version 17
VisualStudioVersion = 17.14.36327.8 d17.14
MinimumVisualStudioVersion = 10.0.40219.1
Project("{FAE04EC0-301F-11D3-BF4B-00C04F79EFBC}") = "CalculadoraIMC", "CalculadoraIMC\CalculadoraIMC.csproj", "{259D05B9-C5A7-4ECA-B2AB-F789503A994B}"
EndProject
Global
	GlobalSection(SolutionConfigurationPlatforms) = preSolution
		Debug|Any CPU = Debug|Any CPU
		Release|Any CPU = Release|Any CPU
	EndGlobalSection
	GlobalSection(ProjectConfigurationPlatforms) = postSolution
		{259D05B9-C5A7-4ECA-B2AB-F789503A994B}.Debug|Any CPU.ActiveCfg = Debug|Any CPU
		{259D05B9-C5A7-4ECA-B2AB-F789503A994B}.Debug|Any CPU.Build.0 = Debug|Any CPU
		{259D05B9-C5A7-4ECA-B2AB-F789503A994B}.Release|Any CPU.ActiveCfg = Release|Any CPU
		{259D05B9-C5A7-4ECA-B2AB-F789503A994B}.Release|Any CPU.Build.0 = Release|Any CPU
	EndGlobalSection
	GlobalSection(SolutionProperties) = preSolution
		HideSolutionNode = FALSE
	EndGlobalSection
	GlobalSection(ExtensibilityGlobals) = postSolution
		SolutionGuid = {1B7405D4-6757-4878-9EC7-BA819A2DBA6D}
	EndGlobalSection
EndGlobal
